lockfileVersion: '6.0'

settings:
  autoInstallPeers: true
  excludeLinksFromLockfile: false

devDependencies:
  '@prettier/plugin-xml':
    specifier: ^3.2.1
    version: 3.2.1(prettier@3.0.3)
  prettier:
    specifier: ^3.0.3
    version: 3.0.3

packages:

  /@prettier/plugin-xml@3.2.1(prettier@3.0.3):
    resolution: {integrity: sha512-DvwnQPf8FsczapBVDm54IhR+Pryt3DbPZSNtUb9gOuFtgoUUPbPN69f3nQBMF5BEqh4ZjZjTaHBmsVno3UnAXQ==}
    peerDependencies:
      prettier: ^3.0.0
    dependencies:
      '@xml-tools/parser': 1.0.11
      prettier: 3.0.3
    dev: true

  /@xml-tools/parser@1.0.11:
    resolution: {integrity: sha512-aKqQ077XnR+oQtHJlrAflaZaL7qZsulWc/i/ZEooar5JiWj1eLt0+Wg28cpa+XLney107wXqneC+oG1IZvxkTA==}
    dependencies:
      chevrotain: 7.1.1
    dev: true

  /chevrotain@7.1.1:
    resolution: {integrity: sha512-wy3mC1x4ye+O+QkEinVJkPf5u2vsrDIYW9G7ZuwFl6v/Yu0LwUuT2POsb+NUWApebyxfkQq6+yDfRExbnI5rcw==}
    dependencies:
      regexp-to-ast: 0.5.0
    dev: true

  /prettier@3.0.3:
    resolution: {integrity: sha512-L/4pUDMxcNa8R/EthV08Zt42WBO4h1rarVtK0K+QJG0X187OLo7l699jWw0GKuwzkPQ//jMFA/8Xm6Fh3J/DAg==}
    engines: {node: '>=14'}
    hasBin: true
    dev: true

  /regexp-to-ast@0.5.0:
    resolution: {integrity: sha512-tlbJqcMHnPKI9zSrystikWKwHkBqu2a/Sgw01h3zFjvYrMxEDYHzzoMZnUrbIfpTFEsoRnnviOXNCzFiSc54Qw==}
    dev: true
